// !$*UTF8*$!
{
	archiveVersion = 1;
	classes = {
	};
	objectVersion = 46;
	objects = {

/* Begin PBXBuildFile section */
		E013CDC71A8065A70013EBFB /* SplitViewController.m in Sources */ = {isa = PBXBuildFile; fileRef = E013CDC61A8065A70013EBFB /* SplitViewController.m */; };
		E013CDCA1A80697F0013EBFB /* HistoryViewController.m in Sources */ = {isa = PBXBuildFile; fileRef = E013CDC91A80697F0013EBFB /* HistoryViewController.m */; };
		E013CDCD1A806C760013EBFB /* HistoryList.m in Sources */ = {isa = PBXBuildFile; fileRef = E013CDCC1A806C760013EBFB /* HistoryList.m */; };
		E013CDD01A8073DB0013EBFB /* HistoryItem.m in Sources */ = {isa = PBXBuildFile; fileRef = E013CDCF1A8073DB0013EBFB /* HistoryItem.m */; };
		E0EBC2D41A800A2200F5C57C /* AppDelegate.m in Sources */ = {isa = PBXBuildFile; fileRef = E0EBC2D31A800A2200F5C57C /* AppDelegate.m */; };
		E0EBC2D61A800A2200F5C57C /* main.m in Sources */ = {isa = PBXBuildFile; fileRef = E0EBC2D51A800A2200F5C57C /* main.m */; };
		E0EBC2D91A800A2200F5C57C /* LookupViewController.m in Sources */ = {isa = PBXBuildFile; fileRef = E0EBC2D81A800A2200F5C57C /* LookupViewController.m */; };
		E0EBC2DB1A800A2200F5C57C /* Images.xcassets in Resources */ = {isa = PBXBuildFile; fileRef = E0EBC2DA1A800A2200F5C57C /* Images.xcassets */; };
		E0EBC2DE1A800A2200F5C57C /* Main.storyboard in Resources */ = {isa = PBXBuildFile; fileRef = E0EBC2DC1A800A2200F5C57C /* Main.storyboard */; };
		E0EBC2EA1A800A2200F5C57C /* LatinTests.m in Sources */ = {isa = PBXBuildFile; fileRef = E0EBC2E91A800A2200F5C57C /* LatinTests.m */; };
		E0EBC2F91A800B4500F5C57C /* TFHpple.m in Sources */ = {isa = PBXBuildFile; fileRef = E0EBC2F41A800B4500F5C57C /* TFHpple.m */; };
		E0EBC2FA1A800B4500F5C57C /* TFHppleElement.m in Sources */ = {isa = PBXBuildFile; fileRef = E0EBC2F61A800B4500F5C57C /* TFHppleElement.m */; };
		E0EBC2FB1A800B4500F5C57C /* XPathQuery.m in Sources */ = {isa = PBXBuildFile; fileRef = E0EBC2F81A800B4500F5C57C /* XPathQuery.m */; };
		E0EBC2FE1A800B6700F5C57C /* libxml2.dylib in Frameworks */ = {isa = PBXBuildFile; fileRef = E0EBC2FD1A800B6700F5C57C /* libxml2.dylib */; };
		E0EBC3021A8052DA00F5C57C /* WhitakerScraper.m in Sources */ = {isa = PBXBuildFile; fileRef = E0EBC3011A8052DA00F5C57C /* WhitakerScraper.m */; };
/* End PBXBuildFile section */

/* Begin PBXContainerItemProxy section */
		E0EBC2E41A800A2200F5C57C /* PBXContainerItemProxy */ = {
			isa = PBXContainerItemProxy;
			containerPortal = E0EBC2C51A800A2200F5C57C /* Project object */;
			proxyType = 1;
			remoteGlobalIDString = E0EBC2CC1A800A2200F5C57C;
			remoteInfo = Latin;
		};
/* End PBXContainerItemProxy section */

/* Begin PBXFileReference section */
		E013CDC51A8065A70013EBFB /* SplitViewController.h */ = {isa = PBXFileReference; fileEncoding = 4; lastKnownFileType = sourcecode.c.h; path = SplitViewController.h; sourceTree = "<group>"; };
		E013CDC61A8065A70013EBFB /* SplitViewController.m */ = {isa = PBXFileReference; fileEncoding = 4; lastKnownFileType = sourcecode.c.objc; path = SplitViewController.m; sourceTree = "<group>"; };
		E013CDC81A80697F0013EBFB /* HistoryViewController.h */ = {isa = PBXFileReference; fileEncoding = 4; lastKnownFileType = sourcecode.c.h; path = HistoryViewController.h; sourceTree = "<group>"; };
		E013CDC91A80697F0013EBFB /* HistoryViewController.m */ = {isa = PBXFileReference; fileEncoding = 4; lastKnownFileType = sourcecode.c.objc; path = HistoryViewController.m; sourceTree = "<group>"; };
		E013CDCB1A806C760013EBFB /* HistoryList.h */ = {isa = PBXFileReference; fileEncoding = 4; lastKnownFileType = sourcecode.c.h; path = HistoryList.h; sourceTree = "<group>"; };
		E013CDCC1A806C760013EBFB /* HistoryList.m */ = {isa = PBXFileReference; fileEncoding = 4; lastKnownFileType = sourcecode.c.objc; path = HistoryList.m; sourceTree = "<group>"; };
		E013CDCE1A8073DB0013EBFB /* HistoryItem.h */ = {isa = PBXFileReference; fileEncoding = 4; lastKnownFileType = sourcecode.c.h; path = HistoryItem.h; sourceTree = "<group>"; };
		E013CDCF1A8073DB0013EBFB /* HistoryItem.m */ = {isa = PBXFileReference; fileEncoding = 4; lastKnownFileType = sourcecode.c.objc; path = HistoryItem.m; sourceTree = "<group>"; };
		E013CDD11A8095A10013EBFB /* HistoryListDelegate.h */ = {isa = PBXFileReference; lastKnownFileType = sourcecode.c.h; path = HistoryListDelegate.h; sourceTree = "<group>"; };
		E013CDD21A809DA10013EBFB /* WhitakerScraperDelegate.h */ = {isa = PBXFileReference; lastKnownFileType = sourcecode.c.h; path = WhitakerScraperDelegate.h; sourceTree = "<group>"; };
		E0EBC2CD1A800A2200F5C57C /* Latin.app */ = {isa = PBXFileReference; explicitFileType = wrapper.application; includeInIndex = 0; path = Latin.app; sourceTree = BUILT_PRODUCTS_DIR; };
		E0EBC2D11A800A2200F5C57C /* Info.plist */ = {isa = PBXFileReference; lastKnownFileType = text.plist.xml; path = Info.plist; sourceTree = "<group>"; };
		E0EBC2D21A800A2200F5C57C /* AppDelegate.h */ = {isa = PBXFileReference; lastKnownFileType = sourcecode.c.h; path = AppDelegate.h; sourceTree = "<group>"; };
		E0EBC2D31A800A2200F5C57C /* AppDelegate.m */ = {isa = PBXFileReference; lastKnownFileType = sourcecode.c.objc; path = AppDelegate.m; sourceTree = "<group>"; };
		E0EBC2D51A800A2200F5C57C /* main.m */ = {isa = PBXFileReference; lastKnownFileType = sourcecode.c.objc; path = main.m; sourceTree = "<group>"; };
		E0EBC2D71A800A2200F5C57C /* LookupViewController.h */ = {isa = PBXFileReference; lastKnownFileType = sourcecode.c.h; path = LookupViewController.h; sourceTree = "<group>"; };
		E0EBC2D81A800A2200F5C57C /* LookupViewController.m */ = {isa = PBXFileReference; lastKnownFileType = sourcecode.c.objc; path = LookupViewController.m; sourceTree = "<group>"; };
		E0EBC2DA1A800A2200F5C57C /* Images.xcassets */ = {isa = PBXFileReference; lastKnownFileType = folder.assetcatalog; path = Images.xcassets; sourceTree = "<group>"; };
		E0EBC2DD1A800A2200F5C57C /* Base */ = {isa = PBXFileReference; lastKnownFileType = file.storyboard; name = Base; path = Base.lproj/Main.storyboard; sourceTree = "<group>"; };
		E0EBC2E31A800A2200F5C57C /* LatinTests.xctest */ = {isa = PBXFileReference; explicitFileType = wrapper.cfbundle; includeInIndex = 0; path = LatinTests.xctest; sourceTree = BUILT_PRODUCTS_DIR; };
		E0EBC2E81A800A2200F5C57C /* Info.plist */ = {isa = PBXFileReference; lastKnownFileType = text.plist.xml; path = Info.plist; sourceTree = "<group>"; };
		E0EBC2E91A800A2200F5C57C /* LatinTests.m */ = {isa = PBXFileReference; lastKnownFileType = sourcecode.c.objc; path = LatinTests.m; sourceTree = "<group>"; };
		E0EBC2F31A800B4500F5C57C /* TFHpple.h */ = {isa = PBXFileReference; fileEncoding = 4; lastKnownFileType = sourcecode.c.h; path = TFHpple.h; sourceTree = "<group>"; };
		E0EBC2F41A800B4500F5C57C /* TFHpple.m */ = {isa = PBXFileReference; fileEncoding = 4; lastKnownFileType = sourcecode.c.objc; path = TFHpple.m; sourceTree = "<group>"; };
		E0EBC2F51A800B4500F5C57C /* TFHppleElement.h */ = {isa = PBXFileReference; fileEncoding = 4; lastKnownFileType = sourcecode.c.h; path = TFHppleElement.h; sourceTree = "<group>"; };
		E0EBC2F61A800B4500F5C57C /* TFHppleElement.m */ = {isa = PBXFileReference; fileEncoding = 4; lastKnownFileType = sourcecode.c.objc; path = TFHppleElement.m; sourceTree = "<group>"; };
		E0EBC2F71A800B4500F5C57C /* XPathQuery.h */ = {isa = PBXFileReference; fileEncoding = 4; lastKnownFileType = sourcecode.c.h; path = XPathQuery.h; sourceTree = "<group>"; };
		E0EBC2F81A800B4500F5C57C /* XPathQuery.m */ = {isa = PBXFileReference; fileEncoding = 4; lastKnownFileType = sourcecode.c.objc; path = XPathQuery.m; sourceTree = "<group>"; };
		E0EBC2FD1A800B6700F5C57C /* libxml2.dylib */ = {isa = PBXFileReference; lastKnownFileType = "compiled.mach-o.dylib"; name = libxml2.dylib; path = usr/lib/libxml2.dylib; sourceTree = SDKROOT; };
		E0EBC3001A8052DA00F5C57C /* WhitakerScraper.h */ = {isa = PBXFileReference; fileEncoding = 4; lastKnownFileType = sourcecode.c.h; path = WhitakerScraper.h; sourceTree = "<group>"; };
		E0EBC3011A8052DA00F5C57C /* WhitakerScraper.m */ = {isa = PBXFileReference; fileEncoding = 4; lastKnownFileType = sourcecode.c.objc; path = WhitakerScraper.m; sourceTree = "<group>"; };
/* End PBXFileReference section */

/* Begin PBXFrameworksBuildPhase section */
		E0EBC2CA1A800A2200F5C57C /* Frameworks */ = {
			isa = PBXFrameworksBuildPhase;
			buildActionMask = 2147483647;
			files = (
				E0EBC2FE1A800B6700F5C57C /* libxml2.dylib in Frameworks */,
			);
			runOnlyForDeploymentPostprocessing = 0;
		};
		E0EBC2E01A800A2200F5C57C /* Frameworks */ = {
			isa = PBXFrameworksBuildPhase;
			buildActionMask = 2147483647;
			files = (
			);
			runOnlyForDeploymentPostprocessing = 0;
		};
/* End PBXFrameworksBuildPhase section */

/* Begin PBXGroup section */
		E00457AB20D0B40E005AFB15 /* View Controllers */ = {
			isa = PBXGroup;
			children = (
				E013CDC51A8065A70013EBFB /* SplitViewController.h */,
				E013CDC61A8065A70013EBFB /* SplitViewController.m */,
				E0EBC2D71A800A2200F5C57C /* LookupViewController.h */,
				E0EBC2D81A800A2200F5C57C /* LookupViewController.m */,
				E013CDC81A80697F0013EBFB /* HistoryViewController.h */,
				E013CDC91A80697F0013EBFB /* HistoryViewController.m */,
			);
			path = "View Controllers";
			sourceTree = "<group>";
		};
		E00457AC20D0B41A005AFB15 /* Model */ = {
			isa = PBXGroup;
			children = (
				E013CDCE1A8073DB0013EBFB /* HistoryItem.h */,
				E013CDCF1A8073DB0013EBFB /* HistoryItem.m */,
				E013CDD11A8095A10013EBFB /* HistoryListDelegate.h */,
				E013CDCB1A806C760013EBFB /* HistoryList.h */,
				E013CDCC1A806C760013EBFB /* HistoryList.m */,
			);
			path = Model;
			sourceTree = "<group>";
		};
		E00457AD20D0B435005AFB15 /* WhitakerScraper */ = {
			isa = PBXGroup;
			children = (
				E0EBC3001A8052DA00F5C57C /* WhitakerScraper.h */,
				E0EBC3011A8052DA00F5C57C /* WhitakerScraper.m */,
				E013CDD21A809DA10013EBFB /* WhitakerScraperDelegate.h */,
			);
			path = WhitakerScraper;
			sourceTree = "<group>";
		};
		E00457AF20D0B448005AFB15 /* Hppl */ = {
			isa = PBXGroup;
			children = (
				E0EBC2F31A800B4500F5C57C /* TFHpple.h */,
				E0EBC2F41A800B4500F5C57C /* TFHpple.m */,
				E0EBC2F51A800B4500F5C57C /* TFHppleElement.h */,
				E0EBC2F61A800B4500F5C57C /* TFHppleElement.m */,
				E0EBC2F71A800B4500F5C57C /* XPathQuery.h */,
				E0EBC2F81A800B4500F5C57C /* XPathQuery.m */,
			);
			path = Hppl;
			sourceTree = "<group>";
		};
		E0EBC2C41A800A2200F5C57C = {
			isa = PBXGroup;
			children = (
				E0EBC2FD1A800B6700F5C57C /* libxml2.dylib */,
				E0EBC2CF1A800A2200F5C57C /* Latin */,
				E0EBC2E61A800A2200F5C57C /* LatinTests */,
				E0EBC2CE1A800A2200F5C57C /* Products */,
			);
			sourceTree = "<group>";
		};
		E0EBC2CE1A800A2200F5C57C /* Products */ = {
			isa = PBXGroup;
			children = (
				E0EBC2CD1A800A2200F5C57C /* Latin.app */,
				E0EBC2E31A800A2200F5C57C /* LatinTests.xctest */,
			);
			name = Products;
			sourceTree = "<group>";
		};
		E0EBC2CF1A800A2200F5C57C /* Latin */ = {
			isa = PBXGroup;
			children = (
				E0EBC2D21A800A2200F5C57C /* AppDelegate.h */,
				E0EBC2D31A800A2200F5C57C /* AppDelegate.m */,
				E00457AF20D0B448005AFB15 /* Hppl */,
				E00457AD20D0B435005AFB15 /* WhitakerScraper */,
				E00457AC20D0B41A005AFB15 /* Model */,
				E00457AB20D0B40E005AFB15 /* View Controllers */,
				E0EBC2DA1A800A2200F5C57C /* Images.xcassets */,
				E0EBC2DC1A800A2200F5C57C /* Main.storyboard */,
				E0EBC2D01A800A2200F5C57C /* Supporting Files */,
			);
			path = Latin;
			sourceTree = "<group>";
		};
		E0EBC2D01A800A2200F5C57C /* Supporting Files */ = {
			isa = PBXGroup;
			children = (
				E0EBC2D11A800A2200F5C57C /* Info.plist */,
				E0EBC2D51A800A2200F5C57C /* main.m */,
			);
			name = "Supporting Files";
			sourceTree = "<group>";
		};
		E0EBC2E61A800A2200F5C57C /* LatinTests */ = {
			isa = PBXGroup;
			children = (
				E0EBC2E91A800A2200F5C57C /* LatinTests.m */,
				E0EBC2E71A800A2200F5C57C /* Supporting Files */,
			);
			path = LatinTests;
			sourceTree = "<group>";
		};
		E0EBC2E71A800A2200F5C57C /* Supporting Files */ = {
			isa = PBXGroup;
			children = (
				E0EBC2E81A800A2200F5C57C /* Info.plist */,
			);
			name = "Supporting Files";
			sourceTree = "<group>";
		};
/* End PBXGroup section */

/* Begin PBXNativeTarget section */
		E0EBC2CC1A800A2200F5C57C /* Latin */ = {
			isa = PBXNativeTarget;
			buildConfigurationList = E0EBC2ED1A800A2200F5C57C /* Build configuration list for PBXNativeTarget "Latin" */;
			buildPhases = (
				E0EBC2C91A800A2200F5C57C /* Sources */,
				E0EBC2CA1A800A2200F5C57C /* Frameworks */,
				E0EBC2CB1A800A2200F5C57C /* Resources */,
			);
			buildRules = (
			);
			dependencies = (
			);
			name = Latin;
			productName = Latin;
			productReference = E0EBC2CD1A800A2200F5C57C /* Latin.app */;
			productType = "com.apple.product-type.application";
		};
		E0EBC2E21A800A2200F5C57C /* LatinTests */ = {
			isa = PBXNativeTarget;
			buildConfigurationList = E0EBC2F01A800A2200F5C57C /* Build configuration list for PBXNativeTarget "LatinTests" */;
			buildPhases = (
				E0EBC2DF1A800A2200F5C57C /* Sources */,
				E0EBC2E01A800A2200F5C57C /* Frameworks */,
				E0EBC2E11A800A2200F5C57C /* Resources */,
			);
			buildRules = (
			);
			dependencies = (
				E0EBC2E51A800A2200F5C57C /* PBXTargetDependency */,
			);
			name = LatinTests;
			productName = LatinTests;
			productReference = E0EBC2E31A800A2200F5C57C /* LatinTests.xctest */;
			productType = "com.apple.product-type.bundle.unit-test";
		};
/* End PBXNativeTarget section */

/* Begin PBXProject section */
		E0EBC2C51A800A2200F5C57C /* Project object */ = {
			isa = PBXProject;
			attributes = {
				LastUpgradeCheck = 0610;
				ORGANIZATIONNAME = "Daniel Weiner";
				TargetAttributes = {
					E0EBC2CC1A800A2200F5C57C = {
						CreatedOnToolsVersion = 6.1.1;
					};
					E0EBC2E21A800A2200F5C57C = {
						CreatedOnToolsVersion = 6.1.1;
						TestTargetID = E0EBC2CC1A800A2200F5C57C;
					};
				};
			};
			buildConfigurationList = E0EBC2C81A800A2200F5C57C /* Build configuration list for PBXProject "Latin" */;
			compatibilityVersion = "Xcode 3.2";
			developmentRegion = English;
			hasScannedForEncodings = 0;
			knownRegions = (
				en,
				Base,
			);
			mainGroup = E0EBC2C41A800A2200F5C57C;
			productRefGroup = E0EBC2CE1A800A2200F5C57C /* Products */;
			projectDirPath = "";
			projectRoot = "";
			targets = (
				E0EBC2CC1A800A2200F5C57C /* Latin */,
				E0EBC2E21A800A2200F5C57C /* LatinTests */,
			);
		};
/* End PBXProject section */

/* Begin PBXResourcesBuildPhase section */
		E0EBC2CB1A800A2200F5C57C /* Resources */ = {
			isa = PBXResourcesBuildPhase;
			buildActionMask = 2147483647;
			files = (
				E0EBC2DB1A800A2200F5C57C /* Images.xcassets in Resources */,
				E0EBC2DE1A800A2200F5C57C /* Main.storyboard in Resources */,
			);
			runOnlyForDeploymentPostprocessing = 0;
		};
		E0EBC2E11A800A2200F5C57C /* Resources */ = {
			isa = PBXResourcesBuildPhase;
			buildActionMask = 2147483647;
			files = (
			);
			runOnlyForDeploymentPostprocessing = 0;
		};
/* End PBXResourcesBuildPhase section */

/* Begin PBXSourcesBuildPhase section */
		E0EBC2C91A800A2200F5C57C /* Sources */ = {
			isa = PBXSourcesBuildPhase;
			buildActionMask = 2147483647;
			files = (
				E0EBC2D91A800A2200F5C57C /* LookupViewController.m in Sources */,
				E0EBC2D61A800A2200F5C57C /* main.m in Sources */,
				E013CDD01A8073DB0013EBFB /* HistoryItem.m in Sources */,
				E013CDCA1A80697F0013EBFB /* HistoryViewController.m in Sources */,
				E0EBC2D41A800A2200F5C57C /* AppDelegate.m in Sources */,
				E013CDCD1A806C760013EBFB /* HistoryList.m in Sources */,
				E013CDC71A8065A70013EBFB /* SplitViewController.m in Sources */,
				E0EBC2F91A800B4500F5C57C /* TFHpple.m in Sources */,
				E0EBC3021A8052DA00F5C57C /* WhitakerScraper.m in Sources */,
				E0EBC2FB1A800B4500F5C57C /* XPathQuery.m in Sources */,
				E0EBC2FA1A800B4500F5C57C /* TFHppleElement.m in Sources */,
			);
			runOnlyForDeploymentPostprocessing = 0;
		};
		E0EBC2DF1A800A2200F5C57C /* Sources */ = {
			isa = PBXSourcesBuildPhase;
			buildActionMask = 2147483647;
			files = (
				E0EBC2EA1A800A2200F5C57C /* LatinTests.m in Sources */,
			);
			runOnlyForDeploymentPostprocessing = 0;
		};
/* End PBXSourcesBuildPhase section */

/* Begin PBXTargetDependency section */
		E0EBC2E51A800A2200F5C57C /* PBXTargetDependency */ = {
			isa = PBXTargetDependency;
			target = E0EBC2CC1A800A2200F5C57C /* Latin */;
			targetProxy = E0EBC2E41A800A2200F5C57C /* PBXContainerItemProxy */;
		};
/* End PBXTargetDependency section */

/* Begin PBXVariantGroup section */
		E0EBC2DC1A800A2200F5C57C /* Main.storyboard */ = {
			isa = PBXVariantGroup;
			children = (
				E0EBC2DD1A800A2200F5C57C /* Base */,
			);
			name = Main.storyboard;
			sourceTree = "<group>";
		};
/* End PBXVariantGroup section */

/* Begin XCBuildConfiguration section */
		E0EBC2EB1A800A2200F5C57C /* Debug */ = {
			isa = XCBuildConfiguration;
			buildSettings = {
				ALWAYS_SEARCH_USER_PATHS = NO;
				CLANG_CXX_LANGUAGE_STANDARD = "gnu++0x";
				CLANG_CXX_LIBRARY = "libc++";
				CLANG_ENABLE_MODULES = YES;
				CLANG_ENABLE_OBJC_ARC = YES;
				CLANG_WARN_BOOL_CONVERSION = YES;
				CLANG_WARN_CONSTANT_CONVERSION = YES;
				CLANG_WARN_DIRECT_OBJC_ISA_USAGE = YES_ERROR;
				CLANG_WARN_EMPTY_BODY = YES;
				CLANG_WARN_ENUM_CONVERSION = YES;
				CLANG_WARN_INT_CONVERSION = YES;
				CLANG_WARN_OBJC_ROOT_CLASS = YES_ERROR;
				CLANG_WARN_UNREACHABLE_CODE = YES;
				CLANG_WARN__DUPLICATE_METHOD_MATCH = YES;
				CODE_SIGN_IDENTITY = "-";
				COPY_PHASE_STRIP = NO;
				ENABLE_STRICT_OBJC_MSGSEND = YES;
				GCC_C_LANGUAGE_STANDARD = gnu99;
				GCC_DYNAMIC_NO_PIC = NO;
				GCC_OPTIMIZATION_LEVEL = 0;
				GCC_PREPROCESSOR_DEFINITIONS = (
					"DEBUG=1",
					"$(inherited)",
				);
				GCC_SYMBOLS_PRIVATE_EXTERN = NO;
				GCC_WARN_64_TO_32_BIT_CONVERSION = YES;
				GCC_WARN_ABOUT_RETURN_TYPE = YES_ERROR;
				GCC_WARN_UNDECLARED_SELECTOR = YES;
				GCC_WARN_UNINITIALIZED_AUTOS = YES_AGGRESSIVE;
				GCC_WARN_UNUSED_FUNCTION = YES;
				GCC_WARN_UNUSED_VARIABLE = YES;
				MACOSX_DEPLOYMENT_TARGET = 10.10;
				MTL_ENABLE_DEBUG_INFO = YES;
				ONLY_ACTIVE_ARCH = YES;
				SDKROOT = macosx;
			};
			name = Debug;
		};
		E0EBC2EC1A800A2200F5C57C /* Release */ = {
			isa = XCBuildConfiguration;
			buildSettings = {
				ALWAYS_SEARCH_USER_PATHS = NO;
				CLANG_CXX_LANGUAGE_STANDARD = "gnu++0x";
				CLANG_CXX_LIBRARY = "libc++";
				CLANG_ENABLE_MODULES = YES;
				CLANG_ENABLE_OBJC_ARC = YES;
				CLANG_WARN_BOOL_CONVERSION = YES;
				CLANG_WARN_CONSTANT_CONVERSION = YES;
				CLANG_WARN_DIRECT_OBJC_ISA_USAGE = YES_ERROR;
				CLANG_WARN_EMPTY_BODY = YES;
				CLANG_WARN_ENUM_CONVERSION = YES;
				CLANG_WARN_INT_CONVERSION = YES;
				CLANG_WARN_OBJC_ROOT_CLASS = YES_ERROR;
				CLANG_WARN_UNREACHABLE_CODE = YES;
				CLANG_WARN__DUPLICATE_METHOD_MATCH = YES;
				CODE_SIGN_IDENTITY = "-";
				COPY_PHASE_STRIP = YES;
				DEBUG_INFORMATION_FORMAT = "dwarf-with-dsym";
				ENABLE_NS_ASSERTIONS = NO;
				ENABLE_STRICT_OBJC_MSGSEND = YES;
				GCC_C_LANGUAGE_STANDARD = gnu99;
				GCC_WARN_64_TO_32_BIT_CONVERSION = YES;
				GCC_WARN_ABOUT_RETURN_TYPE = YES_ERROR;
				GCC_WARN_UNDECLARED_SELECTOR = YES;
				GCC_WARN_UNINITIALIZED_AUTOS = YES_AGGRESSIVE;
				GCC_WARN_UNUSED_FUNCTION = YES;
				GCC_WARN_UNUSED_VARIABLE = YES;
				MACOSX_DEPLOYMENT_TARGET = 10.10;
				MTL_ENABLE_DEBUG_INFO = NO;
				SDKROOT = macosx;
			};
			name = Release;
		};
		E0EBC2EE1A800A2200F5C57C /* Debug */ = {
			isa = XCBuildConfiguration;
			buildSettings = {
				ASSETCATALOG_COMPILER_APPICON_NAME = AppIcon;
				CLANG_ENABLE_MODULES = YES;
				COMBINE_HIDPI_IMAGES = YES;
				HEADER_SEARCH_PATHS = (
					"$(inherited)",
					/Applications/Xcode.app/Contents/Developer/Toolchains/XcodeDefault.xctoolchain/usr/include,
					"$(SDKROOT)/usr/include/libxml2",
				);
				INFOPLIST_FILE = Latin/Info.plist;
				LD_RUNPATH_SEARCH_PATHS = "$(inherited) @executable_path/../Frameworks";
				PRODUCT_NAME = Latin;
				SWIFT_OBJC_BRIDGING_HEADER = "Latin/Latin-Bridging-Header.h";
				SWIFT_OPTIMIZATION_LEVEL = "-Onone";
			};
			name = Debug;
		};
		E0EBC2EF1A800A2200F5C57C /* Release */ = {
			isa = XCBuildConfiguration;
			buildSettings = {
				ASSETCATALOG_COMPILER_APPICON_NAME = AppIcon;
				CLANG_ENABLE_MODULES = YES;
				COMBINE_HIDPI_IMAGES = YES;
				HEADER_SEARCH_PATHS = (
					"$(inherited)",
					/Applications/Xcode.app/Contents/Developer/Toolchains/XcodeDefault.xctoolchain/usr/include,
					"$(SDKROOT)/usr/include/libxml2",
				);
				INFOPLIST_FILE = Latin/Info.plist;
				LD_RUNPATH_SEARCH_PATHS = "$(inherited) @executable_path/../Frameworks";
				PRODUCT_NAME = Latin;
				SWIFT_OBJC_BRIDGING_HEADER = "Latin/Latin-Bridging-Header.h";
			};
			name = Release;
		};
		E0EBC2F11A800A2200F5C57C /* Debug */ = {
			isa = XCBuildConfiguration;
			buildSettings = {
				BUNDLE_LOADER = "$(TEST_HOST)";
				COMBINE_HIDPI_IMAGES = YES;
				FRAMEWORK_SEARCH_PATHS = (
					"$(DEVELOPER_FRAMEWORKS_DIR)",
					"$(inherited)",
				);
				GCC_PREPROCESSOR_DEFINITIONS = (
					"DEBUG=1",
					"$(inherited)",
				);
				INFOPLIST_FILE = LatinTests/Info.plist;
				LD_RUNPATH_SEARCH_PATHS = "$(inherited) @executable_path/../Frameworks @loader_path/../Frameworks";
				PRODUCT_NAME = LatinTests;
				TEST_HOST = "$(BUILT_PRODUCTS_DIR)/Latin.app/Contents/MacOS/Latin";
			};
			name = Debug;
		};
		E0EBC2F21A800A2200F5C57C /* Release */ = {
			isa = XCBuildConfiguration;
			buildSettings = {
				BUNDLE_LOADER = "$(TEST_HOST)";
				COMBINE_HIDPI_IMAGES = YES;
				FRAMEWORK_SEARCH_PATHS = (
					"$(DEVELOPER_FRAMEWORKS_DIR)",
					"$(inherited)",
				);
				INFOPLIST_FILE = LatinTests/Info.plist;
				LD_RUNPATH_SEARCH_PATHS = "$(inherited) @executable_path/../Frameworks @loader_path/../Frameworks";
				PRODUCT_NAME = LatinTests;
				TEST_HOST = "$(BUILT_PRODUCTS_DIR)/Latin.app/Contents/MacOS/Latin";
			};
			name = Release;
		};
/* End XCBuildConfiguration section */

/* Begin XCConfigurationList section */
		E0EBC2C81A800A2200F5C57C /* Build configuration list for PBXProject "Latin" */ = {
			isa = XCConfigurationList;
			buildConfigurations = (
				E0EBC2EB1A800A2200F5C57C /* Debug */,
				E0EBC2EC1A800A2200F5C57C /* Release */,
			);
			defaultConfigurationIsVisible = 0;
			defaultConfigurationName = Release;
		};
		E0EBC2ED1A800A2200F5C57C /* Build configuration list for PBXNativeTarget "Latin" */ = {
			isa = XCConfigurationList;
			buildConfigurations = (
				E0EBC2EE1A800A2200F5C57C /* Debug */,
				E0EBC2EF1A800A2200F5C57C /* Release */,
			);
			defaultConfigurationIsVisible = 0;
			defaultConfigurationName = Release;
		};
		E0EBC2F01A800A2200F5C57C /* Build configuration list for PBXNativeTarget "LatinTests" */ = {
			isa = XCConfigurationList;
			buildConfigurations = (
				E0EBC2F11A800A2200F5C57C /* Debug */,
				E0EBC2F21A800A2200F5C57C /* Release */,
			);
			defaultConfigurationIsVisible = 0;
			defaultConfigurationName = Release;
		};
/* End XCConfigurationList section */
	};
	rootObject = E0EBC2C51A800A2200F5C57C /* Project object */;
}
